
Microsoft Visual Studio Solution File, Format Version 12.00
# Visual Studio Version 16
VisualStudioVersion = 16.0.30503.244
MinimumVisualStudioVersion = 10.0.40219.1
Project("{2150E333-8FDC-42A3-9474-1A3956D46DE8}") = "Solution Items", "Solution Items", "{18330833-6F45-408A-AE85-54691C311ED9}"
	ProjectSection(SolutionItems) = preProject
		Bismark.vsmdi = Bismark.vsmdi
		Local.testsettings = Local.testsettings
		TraceAndTestImpact.testsettings = TraceAndTestImpact.testsettings
	EndProjectSection
EndProject
Project("{FAE04EC0-301F-11D3-BF4B-00C04F79EFBC}") = "GUI", "Bismark\GUI.csproj", "{C622774F-6AEF-4E4B-B5B5-8ACB744D6A4C}"
EndProject
Project("{FAE04EC0-301F-11D3-BF4B-00C04F79EFBC}") = "Data", "Data\Data.csproj", "{9C131487-D195-4497-9096-AA6D27EDB379}"
EndProject
Project("{FAE04EC0-301F-11D3-BF4B-00C04F79EFBC}") = "SQL", "SQL\SQL.csproj", "{A50D0144-1B98-4F26-8D73-73F97BBA471C}"
EndProject
Project("{FAE04EC0-301F-11D3-BF4B-00C04F79EFBC}") = "WebForms", "WebForms\WebForms.csproj", "{B9603911-9BFC-4A5D-8729-C192E31AEB89}"
EndProject
Project("{F184B08F-C81C-45F6-A57F-5ABD9991F28F}") = "Utilities", "Utilities\Utilities.vbproj", "{6605DB23-18EE-42E7-ABB3-3993550FF96D}"
EndProject
Project("{FAE04EC0-301F-11D3-BF4B-00C04F79EFBC}") = "BOL", "BOL\BOL.csproj", "{09A216B1-BA28-45ED-BBEB-CBDF4C560001}"
EndProject
Project("{F184B08F-C81C-45F6-A57F-5ABD9991F28F}") = "UnitTests", "UnitTests\UnitTests.vbproj", "{4D2E70BD-E532-4533-A121-95D3751EC079}"
EndProject
Global
	GlobalSection(SolutionConfigurationPlatforms) = preSolution
		CD_ROM|Any CPU = CD_ROM|Any CPU
		CD_ROM|Mixed Platforms = CD_ROM|Mixed Platforms
		CD_ROM|x86 = CD_ROM|x86
		Debug|Any CPU = Debug|Any CPU
		Debug|Mixed Platforms = Debug|Mixed Platforms
		Debug|x86 = Debug|x86
		DVD-5|Any CPU = DVD-5|Any CPU
		DVD-5|Mixed Platforms = DVD-5|Mixed Platforms
		DVD-5|x86 = DVD-5|x86
		Release|Any CPU = Release|Any CPU
		Release|Mixed Platforms = Release|Mixed Platforms
		Release|x86 = Release|x86
		SingleImage|Any CPU = SingleImage|Any CPU
		SingleImage|Mixed Platforms = SingleImage|Mixed Platforms
		SingleImage|x86 = SingleImage|x86
	EndGlobalSection
	GlobalSection(ProjectConfigurationPlatforms) = postSolution
		{C622774F-6AEF-4E4B-B5B5-8ACB744D6A4C}.CD_ROM|Any CPU.ActiveCfg = Release|x86
		{C622774F-6AEF-4E4B-B5B5-8ACB744D6A4C}.CD_ROM|Mixed Platforms.ActiveCfg = Release|x86
		{C622774F-6AEF-4E4B-B5B5-8ACB744D6A4C}.CD_ROM|Mixed Platforms.Build.0 = Release|x86
		{C622774F-6AEF-4E4B-B5B5-8ACB744D6A4C}.CD_ROM|x86.ActiveCfg = Release|x86
		{C622774F-6AEF-4E4B-B5B5-8ACB744D6A4C}.CD_ROM|x86.Build.0 = Release|x86
		{C622774F-6AEF-4E4B-B5B5-8ACB744D6A4C}.Debug|Any CPU.ActiveCfg = Debug|x86
		{C622774F-6AEF-4E4B-B5B5-8ACB744D6A4C}.Debug|Mixed Platforms.ActiveCfg = Debug|x86
		{C622774F-6AEF-4E4B-B5B5-8ACB744D6A4C}.Debug|Mixed Platforms.Build.0 = Debug|x86
		{C622774F-6AEF-4E4B-B5B5-8ACB744D6A4C}.Debug|x86.ActiveCfg = Debug|x86
		{C622774F-6AEF-4E4B-B5B5-8ACB744D6A4C}.Debug|x86.Build.0 = Debug|x86
		{C622774F-6AEF-4E4B-B5B5-8ACB744D6A4C}.DVD-5|Any CPU.ActiveCfg = Debug|x86
		{C622774F-6AEF-4E4B-B5B5-8ACB744D6A4C}.DVD-5|Mixed Platforms.ActiveCfg = Debug|x86
		{C622774F-6AEF-4E4B-B5B5-8ACB744D6A4C}.DVD-5|Mixed Platforms.Build.0 = Debug|x86
		{C622774F-6AEF-4E4B-B5B5-8ACB744D6A4C}.DVD-5|x86.ActiveCfg = Debug|x86
		{C622774F-6AEF-4E4B-B5B5-8ACB744D6A4C}.DVD-5|x86.Build.0 = Debug|x86
		{C622774F-6AEF-4E4B-B5B5-8ACB744D6A4C}.Release|Any CPU.ActiveCfg = Release|x86
		{C622774F-6AEF-4E4B-B5B5-8ACB744D6A4C}.Release|Mixed Platforms.ActiveCfg = Release|x86
		{C622774F-6AEF-4E4B-B5B5-8ACB744D6A4C}.Release|Mixed Platforms.Build.0 = Release|x86
		{C622774F-6AEF-4E4B-B5B5-8ACB744D6A4C}.Release|x86.ActiveCfg = Release|x86
		{C622774F-6AEF-4E4B-B5B5-8ACB744D6A4C}.Release|x86.Build.0 = Release|x86
		{C622774F-6AEF-4E4B-B5B5-8ACB744D6A4C}.SingleImage|Any CPU.ActiveCfg = Release|x86
		{C622774F-6AEF-4E4B-B5B5-8ACB744D6A4C}.SingleImage|Mixed Platforms.ActiveCfg = Release|x86
		{C622774F-6AEF-4E4B-B5B5-8ACB744D6A4C}.SingleImage|Mixed Platforms.Build.0 = Release|x86
		{C622774F-6AEF-4E4B-B5B5-8ACB744D6A4C}.SingleImage|x86.ActiveCfg = Release|x86
		{C622774F-6AEF-4E4B-B5B5-8ACB744D6A4C}.SingleImage|x86.Build.0 = Release|x86
		{9C131487-D195-4497-9096-AA6D27EDB379}.CD_ROM|Any CPU.ActiveCfg = Release|Any CPU
		{9C131487-D195-4497-9096-AA6D27EDB379}.CD_ROM|Any CPU.Build.0 = Release|Any CPU
		{9C131487-D195-4497-9096-AA6D27EDB379}.CD_ROM|Mixed Platforms.ActiveCfg = Release|Any CPU
		{9C131487-D195-4497-9096-AA6D27EDB379}.CD_ROM|Mixed Platforms.Build.0 = Release|Any CPU
		{9C131487-D195-4497-9096-AA6D27EDB379}.CD_ROM|x86.ActiveCfg = Release|Any CPU
		{9C131487-D195-4497-9096-AA6D27EDB379}.Debug|Any CPU.ActiveCfg = Debug|Any CPU
		{9C131487-D195-4497-9096-AA6D27EDB379}.Debug|Any CPU.Build.0 = Debug|Any CPU
		{9C131487-D195-4497-9096-AA6D27EDB379}.Debug|Mixed Platforms.ActiveCfg = Debug|Any CPU
		{9C131487-D195-4497-9096-AA6D27EDB379}.Debug|Mixed Platforms.Build.0 = Debug|Any CPU
		{9C131487-D195-4497-9096-AA6D27EDB379}.Debug|x86.ActiveCfg = Debug|Any CPU
		{9C131487-D195-4497-9096-AA6D27EDB379}.DVD-5|Any CPU.ActiveCfg = Debug|Any CPU
		{9C131487-D195-4497-9096-AA6D27EDB379}.DVD-5|Any CPU.Build.0 = Debug|Any CPU
		{9C131487-D195-4497-9096-AA6D27EDB379}.DVD-5|Mixed Platforms.ActiveCfg = Debug|Any CPU
		{9C131487-D195-4497-9096-AA6D27EDB379}.DVD-5|Mixed Platforms.Build.0 = Debug|Any CPU
		{9C131487-D195-4497-9096-AA6D27EDB379}.DVD-5|x86.ActiveCfg = Debug|Any CPU
		{9C131487-D195-4497-9096-AA6D27EDB379}.Release|Any CPU.ActiveCfg = Release|Any CPU
		{9C131487-D195-4497-9096-AA6D27EDB379}.Release|Any CPU.Build.0 = Release|Any CPU
		{9C131487-D195-4497-9096-AA6D27EDB379}.Release|Mixed Platforms.ActiveCfg = Release|Any CPU
		{9C131487-D195-4497-9096-AA6D27EDB379}.Release|Mixed Platforms.Build.0 = Release|Any CPU
		{9C131487-D195-4497-9096-AA6D27EDB379}.Release|x86.ActiveCfg = Release|Any CPU
		{9C131487-D195-4497-9096-AA6D27EDB379}.SingleImage|Any CPU.ActiveCfg = Release|Any CPU
		{9C131487-D195-4497-9096-AA6D27EDB379}.SingleImage|Any CPU.Build.0 = Release|Any CPU
		{9C131487-D195-4497-9096-AA6D27EDB379}.SingleImage|Mixed Platforms.ActiveCfg = Release|Any CPU
		{9C131487-D195-4497-9096-AA6D27EDB379}.SingleImage|Mixed Platforms.Build.0 = Release|Any CPU
		{9C131487-D195-4497-9096-AA6D27EDB379}.SingleImage|x86.ActiveCfg = Release|Any CPU
		{A50D0144-1B98-4F26-8D73-73F97BBA471C}.CD_ROM|Any CPU.ActiveCfg = Release|Any CPU
		{A50D0144-1B98-4F26-8D73-73F97BBA471C}.CD_ROM|Any CPU.Build.0 = Release|Any CPU
		{A50D0144-1B98-4F26-8D73-73F97BBA471C}.CD_ROM|Mixed Platforms.ActiveCfg = Release|Any CPU
		{A50D0144-1B98-4F26-8D73-73F97BBA471C}.CD_ROM|Mixed Platforms.Build.0 = Release|Any CPU
		{A50D0144-1B98-4F26-8D73-73F97BBA471C}.CD_ROM|x86.ActiveCfg = Release|Any CPU
		{A50D0144-1B98-4F26-8D73-73F97BBA471C}.Debug|Any CPU.ActiveCfg = Debug|Any CPU
		{A50D0144-1B98-4F26-8D73-73F97BBA471C}.Debug|Any CPU.Build.0 = Debug|Any CPU
		{A50D0144-1B98-4F26-8D73-73F97BBA471C}.Debug|Mixed Platforms.ActiveCfg = Debug|Any CPU
		{A50D0144-1B98-4F26-8D73-73F97BBA471C}.Debug|Mixed Platforms.Build.0 = Debug|Any CPU
		{A50D0144-1B98-4F26-8D73-73F97BBA471C}.Debug|x86.ActiveCfg = Debug|Any CPU
		{A50D0144-1B98-4F26-8D73-73F97BBA471C}.DVD-5|Any CPU.ActiveCfg = Debug|Any CPU
		{A50D0144-1B98-4F26-8D73-73F97BBA471C}.DVD-5|Any CPU.Build.0 = Debug|Any CPU
		{A50D0144-1B98-4F26-8D73-73F97BBA471C}.DVD-5|Mixed Platforms.ActiveCfg = Debug|Any CPU
		{A50D0144-1B98-4F26-8D73-73F97BBA471C}.DVD-5|Mixed Platforms.Build.0 = Debug|Any CPU
		{A50D0144-1B98-4F26-8D73-73F97BBA471C}.DVD-5|x86.ActiveCfg = Debug|Any CPU
		{A50D0144-1B98-4F26-8D73-73F97BBA471C}.Release|Any CPU.ActiveCfg = Release|Any CPU
		{A50D0144-1B98-4F26-8D73-73F97BBA471C}.Release|Any CPU.Build.0 = Release|Any CPU
		{A50D0144-1B98-4F26-8D73-73F97BBA471C}.Release|Mixed Platforms.ActiveCfg = Release|Any CPU
		{A50D0144-1B98-4F26-8D73-73F97BBA471C}.Release|Mixed Platforms.Build.0 = Release|Any CPU
		{A50D0144-1B98-4F26-8D73-73F97BBA471C}.Release|x86.ActiveCfg = Release|Any CPU
		{A50D0144-1B98-4F26-8D73-73F97BBA471C}.SingleImage|Any CPU.ActiveCfg = Release|Any CPU
		{A50D0144-1B98-4F26-8D73-73F97BBA471C}.SingleImage|Any CPU.Build.0 = Release|Any CPU
		{A50D0144-1B98-4F26-8D73-73F97BBA471C}.SingleImage|Mixed Platforms.ActiveCfg = Release|Any CPU
		{A50D0144-1B98-4F26-8D73-73F97BBA471C}.SingleImage|Mixed Platforms.Build.0 = Release|Any CPU
		{A50D0144-1B98-4F26-8D73-73F97BBA471C}.SingleImage|x86.ActiveCfg = Release|Any CPU
		{B9603911-9BFC-4A5D-8729-C192E31AEB89}.CD_ROM|Any CPU.ActiveCfg = Release|Any CPU
		{B9603911-9BFC-4A5D-8729-C192E31AEB89}.CD_ROM|Any CPU.Build.0 = Release|Any CPU
		{B9603911-9BFC-4A5D-8729-C192E31AEB89}.CD_ROM|Mixed Platforms.ActiveCfg = Release|Any CPU
		{B9603911-9BFC-4A5D-8729-C192E31AEB89}.CD_ROM|Mixed Platforms.Build.0 = Release|Any CPU
		{B9603911-9BFC-4A5D-8729-C192E31AEB89}.CD_ROM|x86.ActiveCfg = Release|Any CPU
		{B9603911-9BFC-4A5D-8729-C192E31AEB89}.Debug|Any CPU.ActiveCfg = Debug|Any CPU
		{B9603911-9BFC-4A5D-8729-C192E31AEB89}.Debug|Any CPU.Build.0 = Debug|Any CPU
		{B9603911-9BFC-4A5D-8729-C192E31AEB89}.Debug|Mixed Platforms.ActiveCfg = Debug|Any CPU
		{B9603911-9BFC-4A5D-8729-C192E31AEB89}.Debug|Mixed Platforms.Build.0 = Debug|Any CPU
		{B9603911-9BFC-4A5D-8729-C192E31AEB89}.Debug|x86.ActiveCfg = Debug|Any CPU
		{B9603911-9BFC-4A5D-8729-C192E31AEB89}.DVD-5|Any CPU.ActiveCfg = Debug|Any CPU
		{B9603911-9BFC-4A5D-8729-C192E31AEB89}.DVD-5|Any CPU.Build.0 = Debug|Any CPU
		{B9603911-9BFC-4A5D-8729-C192E31AEB89}.DVD-5|Mixed Platforms.ActiveCfg = Debug|Any CPU
		{B9603911-9BFC-4A5D-8729-C192E31AEB89}.DVD-5|Mixed Platforms.Build.0 = Debug|Any CPU
		{B9603911-9BFC-4A5D-8729-C192E31AEB89}.DVD-5|x86.ActiveCfg = Debug|Any CPU
		{B9603911-9BFC-4A5D-8729-C192E31AEB89}.Release|Any CPU.ActiveCfg = Release|Any CPU
		{B9603911-9BFC-4A5D-8729-C192E31AEB89}.Release|Any CPU.Build.0 = Release|Any CPU
		{B9603911-9BFC-4A5D-8729-C192E31AEB89}.Release|Mixed Platforms.ActiveCfg = Release|Any CPU
		{B9603911-9BFC-4A5D-8729-C192E31AEB89}.Release|Mixed Platforms.Build.0 = Release|Any CPU
		{B9603911-9BFC-4A5D-8729-C192E31AEB89}.Release|x86.ActiveCfg = Release|Any CPU
		{B9603911-9BFC-4A5D-8729-C192E31AEB89}.SingleImage|Any CPU.ActiveCfg = Release|Any CPU
		{B9603911-9BFC-4A5D-8729-C192E31AEB89}.SingleImage|Any CPU.Build.0 = Release|Any CPU
		{B9603911-9BFC-4A5D-8729-C192E31AEB89}.SingleImage|Mixed Platforms.ActiveCfg = Release|Any CPU
		{B9603911-9BFC-4A5D-8729-C192E31AEB89}.SingleImage|Mixed Platforms.Build.0 = Release|Any CPU
		{B9603911-9BFC-4A5D-8729-C192E31AEB89}.SingleImage|x86.ActiveCfg = Release|Any CPU
		{6605DB23-18EE-42E7-ABB3-3993550FF96D}.CD_ROM|Any CPU.ActiveCfg = Release|Any CPU
		{6605DB23-18EE-42E7-ABB3-3993550FF96D}.CD_ROM|Any CPU.Build.0 = Release|Any CPU
		{6605DB23-18EE-42E7-ABB3-3993550FF96D}.CD_ROM|Mixed Platforms.ActiveCfg = Release|Any CPU
		{6605DB23-18EE-42E7-ABB3-3993550FF96D}.CD_ROM|Mixed Platforms.Build.0 = Release|Any CPU
		{6605DB23-18EE-42E7-ABB3-3993550FF96D}.CD_ROM|x86.ActiveCfg = Release|Any CPU
		{6605DB23-18EE-42E7-ABB3-3993550FF96D}.Debug|Any CPU.ActiveCfg = Debug|Any CPU
		{6605DB23-18EE-42E7-ABB3-3993550FF96D}.Debug|Any CPU.Build.0 = Debug|Any CPU
		{6605DB23-18EE-42E7-ABB3-3993550FF96D}.Debug|Mixed Platforms.ActiveCfg = Debug|Any CPU
		{6605DB23-18EE-42E7-ABB3-3993550FF96D}.Debug|Mixed Platforms.Build.0 = Debug|Any CPU
		{6605DB23-18EE-42E7-ABB3-3993550FF96D}.Debug|x86.ActiveCfg = Debug|Any CPU
		{6605DB23-18EE-42E7-ABB3-3993550FF96D}.DVD-5|Any CPU.ActiveCfg = Debug|Any CPU
		{6605DB23-18EE-42E7-ABB3-3993550FF96D}.DVD-5|Any CPU.Build.0 = Debug|Any CPU
		{6605DB23-18EE-42E7-ABB3-3993550FF96D}.DVD-5|Mixed Platforms.ActiveCfg = Debug|Any CPU
		{6605DB23-18EE-42E7-ABB3-3993550FF96D}.DVD-5|Mixed Platforms.Build.0 = Debug|Any CPU
		{6605DB23-18EE-42E7-ABB3-3993550FF96D}.DVD-5|x86.ActiveCfg = Debug|Any CPU
		{6605DB23-18EE-42E7-ABB3-3993550FF96D}.Release|Any CPU.ActiveCfg = Release|Any CPU
		{6605DB23-18EE-42E7-ABB3-3993550FF96D}.Release|Any CPU.Build.0 = Release|Any CPU
		{6605DB23-18EE-42E7-ABB3-3993550FF96D}.Release|Mixed Platforms.ActiveCfg = Release|Any CPU
		{6605DB23-18EE-42E7-ABB3-3993550FF96D}.Release|Mixed Platforms.Build.0 = Release|Any CPU
		{6605DB23-18EE-42E7-ABB3-3993550FF96D}.Release|x86.ActiveCfg = Release|Any CPU
		{6605DB23-18EE-42E7-ABB3-3993550FF96D}.SingleImage|Any CPU.ActiveCfg = Release|Any CPU
		{6605DB23-18EE-42E7-ABB3-3993550FF96D}.SingleImage|Any CPU.Build.0 = Release|Any CPU
		{6605DB23-18EE-42E7-ABB3-3993550FF96D}.SingleImage|Mixed Platforms.ActiveCfg = Release|Any CPU
		{6605DB23-18EE-42E7-ABB3-3993550FF96D}.SingleImage|Mixed Platforms.Build.0 = Release|Any CPU
		{6605DB23-18EE-42E7-ABB3-3993550FF96D}.SingleImage|x86.ActiveCfg = Release|Any CPU
		{09A216B1-BA28-45ED-BBEB-CBDF4C560001}.CD_ROM|Any CPU.ActiveCfg = Release|Any CPU
		{09A216B1-BA28-45ED-BBEB-CBDF4C560001}.CD_ROM|Any CPU.Build.0 = Release|Any CPU
		{09A216B1-BA28-45ED-BBEB-CBDF4C560001}.CD_ROM|Mixed Platforms.ActiveCfg = Release|Any CPU
		{09A216B1-BA28-45ED-BBEB-CBDF4C560001}.CD_ROM|Mixed Platforms.Build.0 = Release|Any CPU
		{09A216B1-BA28-45ED-BBEB-CBDF4C560001}.CD_ROM|x86.ActiveCfg = Release|Any CPU
		{09A216B1-BA28-45ED-BBEB-CBDF4C560001}.Debug|Any CPU.ActiveCfg = Debug|Any CPU
		{09A216B1-BA28-45ED-BBEB-CBDF4C560001}.Debug|Any CPU.Build.0 = Debug|Any CPU
		{09A216B1-BA28-45ED-BBEB-CBDF4C560001}.Debug|Mixed Platforms.ActiveCfg = Debug|Any CPU
		{09A216B1-BA28-45ED-BBEB-CBDF4C560001}.Debug|Mixed Platforms.Build.0 = Debug|Any CPU
		{09A216B1-BA28-45ED-BBEB-CBDF4C560001}.Debug|x86.ActiveCfg = Debug|Any CPU
		{09A216B1-BA28-45ED-BBEB-CBDF4C560001}.DVD-5|Any CPU.ActiveCfg = Debug|Any CPU
		{09A216B1-BA28-45ED-BBEB-CBDF4C560001}.DVD-5|Any CPU.Build.0 = Debug|Any CPU
		{09A216B1-BA28-45ED-BBEB-CBDF4C560001}.DVD-5|Mixed Platforms.ActiveCfg = Debug|Any CPU
		{09A216B1-BA28-45ED-BBEB-CBDF4C560001}.DVD-5|Mixed Platforms.Build.0 = Debug|Any CPU
		{09A216B1-BA28-45ED-BBEB-CBDF4C560001}.DVD-5|x86.ActiveCfg = Debug|Any CPU
		{09A216B1-BA28-45ED-BBEB-CBDF4C560001}.Release|Any CPU.ActiveCfg = Release|Any CPU
		{09A216B1-BA28-45ED-BBEB-CBDF4C560001}.Release|Any CPU.Build.0 = Release|Any CPU
		{09A216B1-BA28-45ED-BBEB-CBDF4C560001}.Release|Mixed Platforms.ActiveCfg = Release|Any CPU
		{09A216B1-BA28-45ED-BBEB-CBDF4C560001}.Release|Mixed Platforms.Build.0 = Release|Any CPU
		{09A216B1-BA28-45ED-BBEB-CBDF4C560001}.Release|x86.ActiveCfg = Release|Any CPU
		{09A216B1-BA28-45ED-BBEB-CBDF4C560001}.SingleImage|Any CPU.ActiveCfg = Release|Any CPU
		{09A216B1-BA28-45ED-BBEB-CBDF4C560001}.SingleImage|Any CPU.Build.0 = Release|Any CPU
		{09A216B1-BA28-45ED-BBEB-CBDF4C560001}.SingleImage|Mixed Platforms.ActiveCfg = Release|Any CPU
		{09A216B1-BA28-45ED-BBEB-CBDF4C560001}.SingleImage|Mixed Platforms.Build.0 = Release|Any CPU
		{09A216B1-BA28-45ED-BBEB-CBDF4C560001}.SingleImage|x86.ActiveCfg = Release|Any CPU
		{4D2E70BD-E532-4533-A121-95D3751EC079}.CD_ROM|Any CPU.ActiveCfg = Release|Any CPU
		{4D2E70BD-E532-4533-A121-95D3751EC079}.CD_ROM|Any CPU.Build.0 = Release|Any CPU
		{4D2E70BD-E532-4533-A121-95D3751EC079}.CD_ROM|Mixed Platforms.ActiveCfg = Release|Any CPU
		{4D2E70BD-E532-4533-A121-95D3751EC079}.CD_ROM|Mixed Platforms.Build.0 = Release|Any CPU
		{4D2E70BD-E532-4533-A121-95D3751EC079}.CD_ROM|x86.ActiveCfg = Release|Any CPU
		{4D2E70BD-E532-4533-A121-95D3751EC079}.Debug|Any CPU.ActiveCfg = Debug|Any CPU
		{4D2E70BD-E532-4533-A121-95D3751EC079}.Debug|Any CPU.Build.0 = Debug|Any CPU
		{4D2E70BD-E532-4533-A121-95D3751EC079}.Debug|Mixed Platforms.ActiveCfg = Debug|Any CPU
		{4D2E70BD-E532-4533-A121-95D3751EC079}.Debug|Mixed Platforms.Build.0 = Debug|Any CPU
		{4D2E70BD-E532-4533-A121-95D3751EC079}.Debug|x86.ActiveCfg = Debug|Any CPU
		{4D2E70BD-E532-4533-A121-95D3751EC079}.DVD-5|Any CPU.ActiveCfg = Debug|Any CPU
		{4D2E70BD-E532-4533-A121-95D3751EC079}.DVD-5|Any CPU.Build.0 = Debug|Any CPU
		{4D2E70BD-E532-4533-A121-95D3751EC079}.DVD-5|Mixed Platforms.ActiveCfg = Debug|Any CPU
		{4D2E70BD-E532-4533-A121-95D3751EC079}.DVD-5|Mixed Platforms.Build.0 = Debug|Any CPU
		{4D2E70BD-E532-4533-A121-95D3751EC079}.DVD-5|x86.ActiveCfg = Debug|Any CPU
		{4D2E70BD-E532-4533-A121-95D3751EC079}.Release|Any CPU.ActiveCfg = Release|Any CPU
		{4D2E70BD-E532-4533-A121-95D3751EC079}.Release|Any CPU.Build.0 = Release|Any CPU
		{4D2E70BD-E532-4533-A121-95D3751EC079}.Release|Mixed Platforms.ActiveCfg = Release|Any CPU
		{4D2E70BD-E532-4533-A121-95D3751EC079}.Release|Mixed Platforms.Build.0 = Release|Any CPU
		{4D2E70BD-E532-4533-A121-95D3751EC079}.Release|x86.ActiveCfg = Release|Any CPU
		{4D2E70BD-E532-4533-A121-95D3751EC079}.SingleImage|Any CPU.ActiveCfg = Release|Any CPU
		{4D2E70BD-E532-4533-A121-95D3751EC079}.SingleImage|Any CPU.Build.0 = Release|Any CPU
		{4D2E70BD-E532-4533-A121-95D3751EC079}.SingleImage|Mixed Platforms.ActiveCfg = Release|Any CPU
		{4D2E70BD-E532-4533-A121-95D3751EC079}.SingleImage|Mixed Platforms.Build.0 = Release|Any CPU
		{4D2E70BD-E532-4533-A121-95D3751EC079}.SingleImage|x86.ActiveCfg = Release|Any CPU
	EndGlobalSection
	GlobalSection(SolutionProperties) = preSolution
		HideSolutionNode = FALSE
	EndGlobalSection
	GlobalSection(ExtensibilityGlobals) = postSolution
		SolutionGuid = {5E91BB2F-624C-4A94-945B-9DE614894D08}
	EndGlobalSection
	GlobalSection(TestCaseManagementSettings) = postSolution
		CategoryFile = Bismark.vsmdi
	EndGlobalSection
EndGlobal
